
Microsoft Visual Studio Solution File, Format Version 12.00
# Visual Studio Version 17
VisualStudioVersion = 17.13.35818.85 d17.13
MinimumVisualStudioVersion = 10.0.40219.1
Project("{FAE04EC0-301F-11D3-BF4B-00C04F79EFBC}") = "TrabalhoFinal.Api", "TrabalhoFinal.Api.csproj", "{71438CA9-9134-4A01-9441-FCC3C5F95700}"
EndProject
Global
	GlobalSection(SolutionConfigurationPlatforms) = preSolution
		Debug|Any CPU = Debug|Any CPU
		Release|Any CPU = Release|Any CPU
	EndGlobalSection
	GlobalSection(ProjectConfigurationPlatforms) = postSolution
		{71438CA9-9134-4A01-9441-FCC3C5F95700}.Debug|Any CPU.ActiveCfg = Debug|Any CPU
		{71438CA9-9134-4A01-9441-FCC3C5F95700}.Debug|Any CPU.Build.0 = Debug|Any CPU
		{71438CA9-9134-4A01-9441-FCC3C5F95700}.Release|Any CPU.ActiveCfg = Release|Any CPU
		{71438CA9-9134-4A01-9441-FCC3C5F95700}.Release|Any CPU.Build.0 = Release|Any CPU
	EndGlobalSection
	GlobalSection(SolutionProperties) = preSolution
		HideSolutionNode = FALSE
	EndGlobalSection
	GlobalSection(ExtensibilityGlobals) = postSolution
		SolutionGuid = {BA5B3F28-949E-4323-A50B-EE7A14A33958}
	EndGlobalSection
EndGlobal
